
Microsoft Visual Studio Solution File, Format Version 12.00
# Visual Studio Version 16
VisualStudioVersion = 16.0.31410.357
MinimumVisualStudioVersion = 10.0.40219.1
Project("{9A19103F-16F7-4668-BE54-9A1E7A4F7556}") = "TicketSalesSystem", "TicketSalesSystem\TicketSalesSystem.csproj", "{EE7D5F9B-6E38-4CF0-8A03-BECF0CCDF82E}"
EndProject
Project("{9A19103F-16F7-4668-BE54-9A1E7A4F7556}") = "DataAccess.EFCore", "DataAccess.EFCore\DataAccess.EFCore.csproj", "{D24F6ACE-D95C-47F4-9E50-10DBDA39EAC9}"
EndProject
Project("{9A19103F-16F7-4668-BE54-9A1E7A4F7556}") = "Domain", "Domain\Domain.csproj", "{580739C5-6B8E-4ACE-B5FF-54A818831555}"
EndProject
Project("{FAE04EC0-301F-11D3-BF4B-00C04F79EFBC}") = "Service", "Service\Service.csproj", "{77160E38-B687-439E-A016-36E8706223A1}"
EndProject
Global
	GlobalSection(SolutionConfigurationPlatforms) = preSolution
		Debug|Any CPU = Debug|Any CPU
		Release|Any CPU = Release|Any CPU
	EndGlobalSection
	GlobalSection(ProjectConfigurationPlatforms) = postSolution
		{EE7D5F9B-6E38-4CF0-8A03-BECF0CCDF82E}.Debug|Any CPU.ActiveCfg = Debug|Any CPU
		{EE7D5F9B-6E38-4CF0-8A03-BECF0CCDF82E}.Debug|Any CPU.Build.0 = Debug|Any CPU
		{EE7D5F9B-6E38-4CF0-8A03-BECF0CCDF82E}.Release|Any CPU.ActiveCfg = Release|Any CPU
		{EE7D5F9B-6E38-4CF0-8A03-BECF0CCDF82E}.Release|Any CPU.Build.0 = Release|Any CPU
		{D24F6ACE-D95C-47F4-9E50-10DBDA39EAC9}.Debug|Any CPU.ActiveCfg = Debug|Any CPU
		{D24F6ACE-D95C-47F4-9E50-10DBDA39EAC9}.Debug|Any CPU.Build.0 = Debug|Any CPU
		{D24F6ACE-D95C-47F4-9E50-10DBDA39EAC9}.Release|Any CPU.ActiveCfg = Release|Any CPU
		{D24F6ACE-D95C-47F4-9E50-10DBDA39EAC9}.Release|Any CPU.Build.0 = Release|Any CPU
		{580739C5-6B8E-4ACE-B5FF-54A818831555}.Debug|Any CPU.ActiveCfg = Debug|Any CPU
		{580739C5-6B8E-4ACE-B5FF-54A818831555}.Debug|Any CPU.Build.0 = Debug|Any CPU
		{580739C5-6B8E-4ACE-B5FF-54A818831555}.Release|Any CPU.ActiveCfg = Release|Any CPU
		{580739C5-6B8E-4ACE-B5FF-54A818831555}.Release|Any CPU.Build.0 = Release|Any CPU
		{77160E38-B687-439E-A016-36E8706223A1}.Debug|Any CPU.ActiveCfg = Debug|Any CPU
		{77160E38-B687-439E-A016-36E8706223A1}.Debug|Any CPU.Build.0 = Debug|Any CPU
		{77160E38-B687-439E-A016-36E8706223A1}.Release|Any CPU.ActiveCfg = Release|Any CPU
		{77160E38-B687-439E-A016-36E8706223A1}.Release|Any CPU.Build.0 = Release|Any CPU
	EndGlobalSection
	GlobalSection(SolutionProperties) = preSolution
		HideSolutionNode = FALSE
	EndGlobalSection
	GlobalSection(ExtensibilityGlobals) = postSolution
		SolutionGuid = {A7E05DCB-B581-413E-ADA2-D7328D783972}
	EndGlobalSection
EndGlobal
